
Microsoft Visual Studio Solution File, Format Version 12.00
# Visual Studio Version 16
VisualStudioVersion = 16.0.32901.82
MinimumVisualStudioVersion = 10.0.40219.1
Project("{FAE04EC0-301F-11D3-BF4B-00C04F79EFBC}") = "formDonhang", "formDonhang.csproj", "{5F8DCC69-4989-4AA4-9436-8A979D5CD869}"
EndProject
Global
	GlobalSection(SolutionConfigurationPlatforms) = preSolution
		Debug|Any CPU = Debug|Any CPU
		Release|Any CPU = Release|Any CPU
	EndGlobalSection
	GlobalSection(ProjectConfigurationPlatforms) = postSolution
		{5F8DCC69-4989-4AA4-9436-8A979D5CD869}.Debug|Any CPU.ActiveCfg = Debug|Any CPU
		{5F8DCC69-4989-4AA4-9436-8A979D5CD869}.Debug|Any CPU.Build.0 = Debug|Any CPU
		{5F8DCC69-4989-4AA4-9436-8A979D5CD869}.Release|Any CPU.ActiveCfg = Release|Any CPU
		{5F8DCC69-4989-4AA4-9436-8A979D5CD869}.Release|Any CPU.Build.0 = Release|Any CPU
	EndGlobalSection
	GlobalSection(SolutionProperties) = preSolution
		HideSolutionNode = FALSE
	EndGlobalSection
	GlobalSection(ExtensibilityGlobals) = postSolution
		SolutionGuid = {F93DE8A5-02FD-4B80-896F-BB71CFEEAD0A}
	EndGlobalSection
EndGlobal
